
Microsoft Visual Studio Solution File, Format Version 12.00
# Visual Studio Version 16
VisualStudioVersion = 16.0.31702.278
MinimumVisualStudioVersion = 10.0.40219.1
Project("{FAE04EC0-301F-11D3-BF4B-00C04F79EFBC}") = "PIA", "PIA.csproj", "{F73D1434-8AAC-4320-89E3-6F10BEF309AC}"
EndProject
Global
	GlobalSection(SolutionConfigurationPlatforms) = preSolution
		Debug|Any CPU = Debug|Any CPU
		Release|Any CPU = Release|Any CPU
	EndGlobalSection
	GlobalSection(ProjectConfigurationPlatforms) = postSolution
		{F73D1434-8AAC-4320-89E3-6F10BEF309AC}.Debug|Any CPU.ActiveCfg = Debug|Any CPU
		{F73D1434-8AAC-4320-89E3-6F10BEF309AC}.Debug|Any CPU.Build.0 = Debug|Any CPU
		{F73D1434-8AAC-4320-89E3-6F10BEF309AC}.Release|Any CPU.ActiveCfg = Release|Any CPU
		{F73D1434-8AAC-4320-89E3-6F10BEF309AC}.Release|Any CPU.Build.0 = Release|Any CPU
	EndGlobalSection
	GlobalSection(SolutionProperties) = preSolution
		HideSolutionNode = FALSE
	EndGlobalSection
	GlobalSection(ExtensibilityGlobals) = postSolution
		SolutionGuid = {D5450612-3F4D-4B7F-8EF5-4C31291F6CD4}
	EndGlobalSection
EndGlobal
